{
  "version": 4,
  "terraform_version": "1.5.7",
  "serial": 24,
  "lineage": "ea8bd0cc-4a1d-8789-75b6-7ab7bfa1503f",
  "outputs": {
    "vault_write_ip": {
      "value": "192.168.2.15",
      "type": "string"
    },
    "vault_write_pswd": {
      "value": "netology2",
      "type": "string"
    }
  },
  "resources": [
    {
      "mode": "data",
      "type": "vault_generic_secret",
      "name": "vault_write_ip",
      "provider": "provider[\"registry.terraform.io/hashicorp/vault\"]",
      "instances": [
        {
          "schema_version": 0,
          "attributes": {
            "data": {
              "ip": "192.168.2.15"
            },
            "data_json": "{\"ip\":\"192.168.2.15\"}",
            "id": "secret/example_ip",
            "lease_duration": 0,
            "lease_id": "",
            "lease_renewable": false,
            "lease_start_time": "2023-10-12T09:19:29Z",
            "namespace": null,
            "path": "secret/example_ip",
            "version": -1,
            "with_lease_start_time": true
          },
          "sensitive_attributes": []
        }
      ]
    },
    {
      "mode": "data",
      "type": "vault_generic_secret",
      "name": "vault_write_pswd",
      "provider": "provider[\"registry.terraform.io/hashicorp/vault\"]",
      "instances": [
        {
          "schema_version": 0,
          "attributes": {
            "data": {
              "mysql_user_password": "netology2"
            },
            "data_json": "{\"mysql_user_password\":\"netology2\"}",
            "id": "secret/example",
            "lease_duration": 0,
            "lease_id": "",
            "lease_renewable": false,
            "lease_start_time": "2023-10-12T09:19:30Z",
            "namespace": null,
            "path": "secret/example",
            "version": -1,
            "with_lease_start_time": true
          },
          "sensitive_attributes": []
        }
      ]
    },
    {
      "mode": "managed",
      "type": "vault_generic_secret",
      "name": "vault_write_ip",
      "provider": "provider[\"registry.terraform.io/hashicorp/vault\"]",
      "instances": [
        {
          "schema_version": 1,
          "attributes": {
            "data": {
              "ip": "192.168.2.15"
            },
            "data_json": "{\"ip\":\"192.168.2.15\"}",
            "delete_all_versions": false,
            "disable_read": false,
            "id": "secret/example_ip",
            "namespace": null,
            "path": "secret/example_ip"
          },
          "sensitive_attributes": [],
          "private": "eyJzY2hlbWFfdmVyc2lvbiI6IjEifQ=="
        }
      ]
    },
    {
      "mode": "managed",
      "type": "vault_generic_secret",
      "name": "vault_write_pswd",
      "provider": "provider[\"registry.terraform.io/hashicorp/vault\"]",
      "instances": [
        {
          "schema_version": 1,
          "attributes": {
            "data": {
              "mysql_user_password": "netology2"
            },
            "data_json": "{\"mysql_user_password\":\"netology2\"}",
            "delete_all_versions": false,
            "disable_read": false,
            "id": "secret/example",
            "namespace": null,
            "path": "secret/example"
          },
          "sensitive_attributes": [],
          "private": "eyJzY2hlbWFfdmVyc2lvbiI6IjEifQ=="
        }
      ]
    }
  ],
  "check_results": null
}
